
Microsoft Visual Studio Solution File, Format Version 12.00
# Visual Studio Version 16
VisualStudioVersion = 16.0.29318.209
MinimumVisualStudioVersion = 10.0.40219.1
Project("{9A19103F-16F7-4668-BE54-9A1E7A4F7556}") = "Fiermata.com", "Fiermata.com\Fiermata.com.csproj", "{5457C8A9-6FC0-48F3-A3BF-DF22B5C62C2B}"
EndProject
Global
	GlobalSection(SolutionConfigurationPlatforms) = preSolution
		Debug|Any CPU = Debug|Any CPU
		Release|Any CPU = Release|Any CPU
	EndGlobalSection
	GlobalSection(ProjectConfigurationPlatforms) = postSolution
		{5457C8A9-6FC0-48F3-A3BF-DF22B5C62C2B}.Debug|Any CPU.ActiveCfg = Debug|Any CPU
		{5457C8A9-6FC0-48F3-A3BF-DF22B5C62C2B}.Debug|Any CPU.Build.0 = Debug|Any CPU
		{5457C8A9-6FC0-48F3-A3BF-DF22B5C62C2B}.Release|Any CPU.ActiveCfg = Release|Any CPU
		{5457C8A9-6FC0-48F3-A3BF-DF22B5C62C2B}.Release|Any CPU.Build.0 = Release|Any CPU
	EndGlobalSection
	GlobalSection(SolutionProperties) = preSolution
		HideSolutionNode = FALSE
	EndGlobalSection
	GlobalSection(ExtensibilityGlobals) = postSolution
		SolutionGuid = {E3F439BA-48AF-452F-9276-AFE29F9E3FAA}
	EndGlobalSection
EndGlobal
